
Microsoft Visual Studio Solution File, Format Version 12.00
# Visual Studio 15
VisualStudioVersion = 15.0.28010.2036
MinimumVisualStudioVersion = 10.0.40219.1
Project("{8BC9CEB8-8B4A-11D0-8D11-00A0C91BC942}") = "ClickScroll3D", "ClickScroll3D\ClickScroll3D.vcxproj", "{0BE76062-D4E6-4380-9E3D-1177445BC5E9}"
EndProject
Global
	GlobalSection(SolutionConfigurationPlatforms) = preSolution
		Debug|x64 = Debug|x64
		Debug|x86 = Debug|x86
		Release|x64 = Release|x64
		Release|x86 = Release|x86
	EndGlobalSection
	GlobalSection(ProjectConfigurationPlatforms) = postSolution
		{0BE76062-D4E6-4380-9E3D-1177445BC5E9}.Debug|x64.ActiveCfg = Debug|x64
		{0BE76062-D4E6-4380-9E3D-1177445BC5E9}.Debug|x64.Build.0 = Debug|x64
		{0BE76062-D4E6-4380-9E3D-1177445BC5E9}.Debug|x86.ActiveCfg = Debug|Win32
		{0BE76062-D4E6-4380-9E3D-1177445BC5E9}.Debug|x86.Build.0 = Debug|Win32
		{0BE76062-D4E6-4380-9E3D-1177445BC5E9}.Release|x64.ActiveCfg = Release|x64
		{0BE76062-D4E6-4380-9E3D-1177445BC5E9}.Release|x64.Build.0 = Release|x64
		{0BE76062-D4E6-4380-9E3D-1177445BC5E9}.Release|x86.ActiveCfg = Release|Win32
		{0BE76062-D4E6-4380-9E3D-1177445BC5E9}.Release|x86.Build.0 = Release|Win32
	EndGlobalSection
	GlobalSection(SolutionProperties) = preSolution
		HideSolutionNode = FALSE
	EndGlobalSection
	GlobalSection(ExtensibilityGlobals) = postSolution
		SolutionGuid = {30722A1B-9E9F-4050-AE34-3772D8A9BE4C}
	EndGlobalSection
EndGlobal
